
Microsoft Visual Studio Solution File, Format Version 12.00
# Visual Studio Version 17
VisualStudioVersion = 17.0.31903.59
MinimumVisualStudioVersion = 10.0.40219.1
Project("{2150E333-8FDC-42A3-9474-1A3956D46DE8}") = ".", ".", "{F5951DD1-949E-43A9-9DA0-A6AB6B37DDBB}"
EndProject
Project("{FAE04EC0-301F-11D3-BF4B-00C04F79EFBC}") = "bolo", "Bolo\bolo.csproj", "{A085423C-C5AC-46CB-9247-1CE12BAC14A5}"
EndProject
Global
	GlobalSection(SolutionConfigurationPlatforms) = preSolution
		Debug|Any CPU = Debug|Any CPU
		Release|Any CPU = Release|Any CPU
	EndGlobalSection
	GlobalSection(SolutionProperties) = preSolution
		HideSolutionNode = FALSE
	EndGlobalSection
	GlobalSection(ProjectConfigurationPlatforms) = postSolution
		{A085423C-C5AC-46CB-9247-1CE12BAC14A5}.Debug|Any CPU.ActiveCfg = Debug|Any CPU
		{A085423C-C5AC-46CB-9247-1CE12BAC14A5}.Debug|Any CPU.Build.0 = Debug|Any CPU
		{A085423C-C5AC-46CB-9247-1CE12BAC14A5}.Release|Any CPU.ActiveCfg = Release|Any CPU
		{A085423C-C5AC-46CB-9247-1CE12BAC14A5}.Release|Any CPU.Build.0 = Release|Any CPU
	EndGlobalSection
	GlobalSection(NestedProjects) = preSolution
		{A085423C-C5AC-46CB-9247-1CE12BAC14A5} = {F5951DD1-949E-43A9-9DA0-A6AB6B37DDBB}
	EndGlobalSection
EndGlobal
